
Microsoft Visual Studio Solution File, Format Version 12.00
# Visual Studio Version 16
VisualStudioVersion = 16.0.29102.190
MinimumVisualStudioVersion = 10.0.40219.1
Project("{FAE04EC0-301F-11D3-BF4B-00C04F79EFBC}") = "Penguin Monitor", "Penguin-Monitor\Penguin Monitor.csproj", "{8EC6DDF5-68D3-4A2C-8284-01D19FBFE336}"
EndProject
Global
	GlobalSection(SolutionConfigurationPlatforms) = preSolution
		Debug|Any CPU = Debug|Any CPU
		Release|Any CPU = Release|Any CPU
	EndGlobalSection
	GlobalSection(ProjectConfigurationPlatforms) = postSolution
		{8EC6DDF5-68D3-4A2C-8284-01D19FBFE336}.Debug|Any CPU.ActiveCfg = Debug|Any CPU
		{8EC6DDF5-68D3-4A2C-8284-01D19FBFE336}.Debug|Any CPU.Build.0 = Debug|Any CPU
		{8EC6DDF5-68D3-4A2C-8284-01D19FBFE336}.Release|Any CPU.ActiveCfg = Release|Any CPU
		{8EC6DDF5-68D3-4A2C-8284-01D19FBFE336}.Release|Any CPU.Build.0 = Release|Any CPU
	EndGlobalSection
	GlobalSection(SolutionProperties) = preSolution
		HideSolutionNode = FALSE
	EndGlobalSection
	GlobalSection(ExtensibilityGlobals) = postSolution
		SolutionGuid = {A6E865C3-DE3E-43A0-8AFF-DB4DDDAA404D}
	EndGlobalSection
EndGlobal
